
Microsoft Visual Studio Solution File, Format Version 12.00
# Visual Studio 15
Project("{FAE04EC0-301F-11D3-BF4B-00C04F79EFBC}") = "RobotsGroupInteraction", "RobotsGroupInteraction.csproj", "{37F77BC9-BAD3-FF0E-52D6-C2B268CC68E6}"
EndProject
Global
	GlobalSection(SolutionConfigurationPlatforms) = preSolution
		Debug|Any CPU = Debug|Any CPU
		Release|Any CPU = Release|Any CPU
	EndGlobalSection
	GlobalSection(ProjectConfigurationPlatforms) = postSolution
		{37F77BC9-BAD3-FF0E-52D6-C2B268CC68E6}.Debug|Any CPU.ActiveCfg = Debug|Any CPU
		{37F77BC9-BAD3-FF0E-52D6-C2B268CC68E6}.Debug|Any CPU.Build.0 = Debug|Any CPU
		{37F77BC9-BAD3-FF0E-52D6-C2B268CC68E6}.Release|Any CPU.ActiveCfg = Release|Any CPU
		{37F77BC9-BAD3-FF0E-52D6-C2B268CC68E6}.Release|Any CPU.Build.0 = Release|Any CPU
	EndGlobalSection
	GlobalSection(SolutionProperties) = preSolution
		HideSolutionNode = FALSE
	EndGlobalSection
EndGlobal
